
Microsoft Visual Studio Solution File, Format Version 12.00
# Visual Studio 15
VisualStudioVersion = 15.0.28307.421
MinimumVisualStudioVersion = 10.0.40219.1
Project("{FAE04EC0-301F-11D3-BF4B-00C04F79EFBC}") = "Calculator", "Calculator\Calculator.csproj", "{09BEA5E2-BBAB-4977-8964-8FFFF405BD15}"
EndProject
Project("{FAE04EC0-301F-11D3-BF4B-00C04F79EFBC}") = "Calculator.Tests", "Calculator.Tests\Calculator.Tests.csproj", "{7729BC89-6B10-4AB5-B6ED-29661718DA86}"
EndProject
Global
	GlobalSection(SolutionConfigurationPlatforms) = preSolution
		Debug|Any CPU = Debug|Any CPU
		Release|Any CPU = Release|Any CPU
	EndGlobalSection
	GlobalSection(ProjectConfigurationPlatforms) = postSolution
		{09BEA5E2-BBAB-4977-8964-8FFFF405BD15}.Debug|Any CPU.ActiveCfg = Debug|Any CPU
		{09BEA5E2-BBAB-4977-8964-8FFFF405BD15}.Debug|Any CPU.Build.0 = Debug|Any CPU
		{09BEA5E2-BBAB-4977-8964-8FFFF405BD15}.Release|Any CPU.ActiveCfg = Release|Any CPU
		{09BEA5E2-BBAB-4977-8964-8FFFF405BD15}.Release|Any CPU.Build.0 = Release|Any CPU
		{7729BC89-6B10-4AB5-B6ED-29661718DA86}.Debug|Any CPU.ActiveCfg = Debug|Any CPU
		{7729BC89-6B10-4AB5-B6ED-29661718DA86}.Debug|Any CPU.Build.0 = Debug|Any CPU
		{7729BC89-6B10-4AB5-B6ED-29661718DA86}.Release|Any CPU.ActiveCfg = Release|Any CPU
		{7729BC89-6B10-4AB5-B6ED-29661718DA86}.Release|Any CPU.Build.0 = Release|Any CPU
	EndGlobalSection
	GlobalSection(SolutionProperties) = preSolution
		HideSolutionNode = FALSE
	EndGlobalSection
	GlobalSection(ExtensibilityGlobals) = postSolution
		SolutionGuid = {06C2BDF2-6DD8-473D-8409-A441684DE500}
	EndGlobalSection
EndGlobal
